{
  "version": 4,
  "terraform_version": "1.1.7",
  "serial": 139,
  "lineage": "92cba090-50da-56b0-1f32-205983c277f4",
  "outputs": {
    "do_fingerprint": {
      "value": "b3:a4:b8:6a:28:5a:0a:69:eb:62:f6:c6:c6:af:5c:ab",
      "type": "string"
    },
    "do_id": {
      "value": 33417533,
      "type": "number"
    },
    "docker-container-host": {
      "value": "139.59.98.38",
      "type": "string"
    },
    "dov-name": {
      "value": [
        "dov-bear-0",
        "dov-bear-1",
        "dov-bear-2"
      ],
      "type": [
        "tuple",
        [
          "string",
          "string",
          "string"
        ]
      ]
    },
    "external-ports": {
      "value": "49177,49176,49175",
      "type": "string"
    },
    "nginx_ip": {
      "value": "157.245.63.240",
      "type": "string"
    }
  },
  "resources": [
    {
      "mode": "data",
      "type": "digitalocean_ssh_key",
      "name": "digitalocean",
      "provider": "provider[\"registry.terraform.io/digitalocean/digitalocean\"]",
      "instances": [
        {
          "schema_version": 0,
          "attributes": {
            "fingerprint": "b3:a4:b8:6a:28:5a:0a:69:eb:62:f6:c6:c6:af:5c:ab",
            "id": 33417533,
            "name": "digitalocean",
            "public_key": "ssh-rsa AAAAB3NzaC1yc2EAAAADAQABAAABgQDqAKCQzWw9yWVGuErOaK9i57e2V/TBkXmAYUEj9OLFx+3Fb1XnWqT6Zf+ewUJASy3/ACX1NNUlks/FYq6rFKvD1Yj2sbzL/75AFykoTPZZCvPqOTiIrIReL7ZyzPxpLb/RIGB/ev3G+aMHEu5rzOGNq0MwHx11BPdbFhiwpLcCzHlCOradL6rypBEt8Sus2/jO1vN3KG76y+GRCN+OtZuR2x6KWgknVMnHL+za0bQ+r8zxtPv8Pbp3iwgCxUE43J1VG2p3OLvu1rnqPOwsa1x2bHGiFfKS4LSxoPABxciUWiwTBrbSubZeLgYvFW4O/4WHL6kxqkdOabOSGiMtmcVfUP4HRned6HmychZF4Di08mti9CdO2NOPnN524DVaXNzPLsUlpqcrOtqNLpiHOeo+J1N36XtOvvF4BwspUefV6xvlwarwSJQsL4IiJlDjaZnmt/r6pktvAchivbPdU5Au6KdVLn6Mv5MqpR2qmk05lv7iqVQvau0HMTOQ81U7Csk= wahaugustine@ip-192-168-18-42.ap-southeast-1.compute.internal"
          },
          "sensitive_attributes": []
        }
      ]
    },
    {
      "mode": "data",
      "type": "external",
      "name": "docker-host-ipaddr",
      "provider": "provider[\"registry.terraform.io/hashicorp/external\"]",
      "instances": [
        {
          "schema_version": 0,
          "attributes": {
            "id": "-",
            "program": [
              "bash",
              "-c",
              "curl -s 'https://api.ipify.org?format=json'"
            ],
            "query": null,
            "result": {
              "ip": "139.59.98.38"
            },
            "working_dir": null
          },
          "sensitive_attributes": []
        }
      ]
    },
    {
      "mode": "managed",
      "type": "digitalocean_droplet",
      "name": "web",
      "provider": "provider[\"registry.terraform.io/digitalocean/digitalocean\"]",
      "instances": [
        {
          "schema_version": 1,
          "attributes": {
            "backups": false,
            "created_at": "2022-03-22T13:00:37Z",
            "disk": 25,
            "droplet_agent": null,
            "graceful_shutdown": false,
            "id": "291760744",
            "image": "ubuntu-20-04-x64",
            "ipv4_address": "157.245.63.240",
            "ipv4_address_private": "10.104.0.3",
            "ipv6": false,
            "ipv6_address": "",
            "locked": false,
            "memory": 1024,
            "monitoring": false,
            "name": "nginx-1",
            "price_hourly": 0.00744,
            "price_monthly": 5,
            "private_networking": true,
            "region": "sgp1",
            "resize_disk": true,
            "size": "s-1vcpu-1gb",
            "ssh_keys": [
              "33417533"
            ],
            "status": "active",
            "tags": null,
            "urn": "do:droplet:291760744",
            "user_data": null,
            "vcpus": 1,
            "volume_ids": [],
            "vpc_uuid": "4544cb38-97da-47c0-bf88-9c67fcdd0274"
          },
          "sensitive_attributes": [],
          "private": "eyJzY2hlbWFfdmVyc2lvbiI6IjEifQ==",
          "dependencies": [
            "data.digitalocean_ssh_key.digitalocean"
          ]
        }
      ]
    },
    {
      "mode": "managed",
      "type": "docker_container",
      "name": "dov-bear-container",
      "provider": "provider[\"registry.terraform.io/kreuzwerker/docker\"]",
      "instances": [
        {
          "index_key": 0,
          "schema_version": 2,
          "attributes": {
            "attach": false,
            "bridge": "",
            "capabilities": [],
            "command": [],
            "container_logs": null,
            "cpu_set": "",
            "cpu_shares": 0,
            "destroy_grace_seconds": null,
            "devices": [],
            "dns": null,
            "dns_opts": null,
            "dns_search": null,
            "domainname": "",
            "entrypoint": [
              "node",
              "main.js"
            ],
            "env": [
              "INSTANCE_NAME=dov-0"
            ],
            "exit_code": null,
            "gateway": "172.17.0.1",
            "group_add": null,
            "healthcheck": [
              {
                "interval": "30s",
                "retries": 3,
                "start_period": "5s",
                "test": [
                  "CMD-SHELL",
                  "curl -s -f localhost:3000/healthz || exit 1"
                ],
                "timeout": "5s"
              }
            ],
            "host": [],
            "hostname": "90d1042c6f69",
            "id": "90d1042c6f69a9e64d8b85357d13c20462ca4004015a99ea4f1fc43832ff5bf0",
            "image": "sha256:6a1960b234eaa1625d7a0baf066e0b56bfab9d71d060088b9f732dd283c67a75",
            "init": false,
            "ip_address": "172.17.0.4",
            "ip_prefix_length": 16,
            "ipc_mode": "private",
            "labels": [],
            "links": null,
            "log_driver": "json-file",
            "log_opts": null,
            "logs": false,
            "max_retry_count": 0,
            "memory": 0,
            "memory_swap": 0,
            "mounts": [],
            "must_run": true,
            "name": "dov-bear-0",
            "network_alias": null,
            "network_data": [
              {
                "gateway": "172.17.0.1",
                "global_ipv6_address": "",
                "global_ipv6_prefix_length": 0,
                "ip_address": "172.17.0.4",
                "ip_prefix_length": 16,
                "ipv6_gateway": "",
                "network_name": "bridge"
              }
            ],
            "network_mode": "default",
            "networks": null,
            "networks_advanced": [],
            "pid_mode": "",
            "ports": [
              {
                "external": 49177,
                "internal": 3000,
                "ip": "0.0.0.0",
                "protocol": "tcp"
              }
            ],
            "privileged": false,
            "publish_all_ports": false,
            "read_only": false,
            "remove_volumes": true,
            "restart": "no",
            "rm": false,
            "security_opts": [],
            "shm_size": 64,
            "start": true,
            "stdin_open": false,
            "storage_opts": null,
            "sysctls": null,
            "tmpfs": null,
            "tty": false,
            "ulimit": [],
            "upload": [],
            "user": "",
            "userns_mode": "",
            "volumes": [],
            "working_dir": "/app"
          },
          "sensitive_attributes": [],
          "private": "eyJzY2hlbWFfdmVyc2lvbiI6IjIifQ==",
          "dependencies": [
            "docker_image.dov-bear"
          ]
        },
        {
          "index_key": 1,
          "schema_version": 2,
          "attributes": {
            "attach": false,
            "bridge": "",
            "capabilities": [],
            "command": [],
            "container_logs": null,
            "cpu_set": "",
            "cpu_shares": 0,
            "destroy_grace_seconds": null,
            "devices": [],
            "dns": null,
            "dns_opts": null,
            "dns_search": null,
            "domainname": "",
            "entrypoint": [
              "node",
              "main.js"
            ],
            "env": [
              "INSTANCE_NAME=dov-1"
            ],
            "exit_code": null,
            "gateway": "172.17.0.1",
            "group_add": null,
            "healthcheck": [
              {
                "interval": "30s",
                "retries": 3,
                "start_period": "5s",
                "test": [
                  "CMD-SHELL",
                  "curl -s -f localhost:3000/healthz || exit 1"
                ],
                "timeout": "5s"
              }
            ],
            "host": [],
            "hostname": "871861d707c4",
            "id": "871861d707c469e963b987f8a84cdfef15634930b1a4fc8949e9943a8f23a010",
            "image": "sha256:6a1960b234eaa1625d7a0baf066e0b56bfab9d71d060088b9f732dd283c67a75",
            "init": false,
            "ip_address": "172.17.0.3",
            "ip_prefix_length": 16,
            "ipc_mode": "private",
            "labels": [],
            "links": null,
            "log_driver": "json-file",
            "log_opts": null,
            "logs": false,
            "max_retry_count": 0,
            "memory": 0,
            "memory_swap": 0,
            "mounts": [],
            "must_run": true,
            "name": "dov-bear-1",
            "network_alias": null,
            "network_data": [
              {
                "gateway": "172.17.0.1",
                "global_ipv6_address": "",
                "global_ipv6_prefix_length": 0,
                "ip_address": "172.17.0.3",
                "ip_prefix_length": 16,
                "ipv6_gateway": "",
                "network_name": "bridge"
              }
            ],
            "network_mode": "default",
            "networks": null,
            "networks_advanced": [],
            "pid_mode": "",
            "ports": [
              {
                "external": 49176,
                "internal": 3000,
                "ip": "0.0.0.0",
                "protocol": "tcp"
              }
            ],
            "privileged": false,
            "publish_all_ports": false,
            "read_only": false,
            "remove_volumes": true,
            "restart": "no",
            "rm": false,
            "security_opts": [],
            "shm_size": 64,
            "start": true,
            "stdin_open": false,
            "storage_opts": null,
            "sysctls": null,
            "tmpfs": null,
            "tty": false,
            "ulimit": [],
            "upload": [],
            "user": "",
            "userns_mode": "",
            "volumes": [],
            "working_dir": "/app"
          },
          "sensitive_attributes": [],
          "private": "eyJzY2hlbWFfdmVyc2lvbiI6IjIifQ==",
          "dependencies": [
            "docker_image.dov-bear"
          ]
        },
        {
          "index_key": 2,
          "schema_version": 2,
          "attributes": {
            "attach": false,
            "bridge": "",
            "capabilities": [],
            "command": [],
            "container_logs": null,
            "cpu_set": "",
            "cpu_shares": 0,
            "destroy_grace_seconds": null,
            "devices": [],
            "dns": null,
            "dns_opts": null,
            "dns_search": null,
            "domainname": "",
            "entrypoint": [
              "node",
              "main.js"
            ],
            "env": [
              "INSTANCE_NAME=dov-2"
            ],
            "exit_code": null,
            "gateway": "172.17.0.1",
            "group_add": null,
            "healthcheck": [
              {
                "interval": "30s",
                "retries": 3,
                "start_period": "5s",
                "test": [
                  "CMD-SHELL",
                  "curl -s -f localhost:3000/healthz || exit 1"
                ],
                "timeout": "5s"
              }
            ],
            "host": [],
            "hostname": "4743ead683bd",
            "id": "4743ead683bd2031183c793190b1eab0825930ed3e9047886770ad7fe1482887",
            "image": "sha256:6a1960b234eaa1625d7a0baf066e0b56bfab9d71d060088b9f732dd283c67a75",
            "init": false,
            "ip_address": "172.17.0.2",
            "ip_prefix_length": 16,
            "ipc_mode": "private",
            "labels": [],
            "links": null,
            "log_driver": "json-file",
            "log_opts": null,
            "logs": false,
            "max_retry_count": 0,
            "memory": 0,
            "memory_swap": 0,
            "mounts": [],
            "must_run": true,
            "name": "dov-bear-2",
            "network_alias": null,
            "network_data": [
              {
                "gateway": "172.17.0.1",
                "global_ipv6_address": "",
                "global_ipv6_prefix_length": 0,
                "ip_address": "172.17.0.2",
                "ip_prefix_length": 16,
                "ipv6_gateway": "",
                "network_name": "bridge"
              }
            ],
            "network_mode": "default",
            "networks": null,
            "networks_advanced": [],
            "pid_mode": "",
            "ports": [
              {
                "external": 49175,
                "internal": 3000,
                "ip": "0.0.0.0",
                "protocol": "tcp"
              }
            ],
            "privileged": false,
            "publish_all_ports": false,
            "read_only": false,
            "remove_volumes": true,
            "restart": "no",
            "rm": false,
            "security_opts": [],
            "shm_size": 64,
            "start": true,
            "stdin_open": false,
            "storage_opts": null,
            "sysctls": null,
            "tmpfs": null,
            "tty": false,
            "ulimit": [],
            "upload": [],
            "user": "",
            "userns_mode": "",
            "volumes": [],
            "working_dir": "/app"
          },
          "sensitive_attributes": [],
          "private": "eyJzY2hlbWFfdmVyc2lvbiI6IjIifQ==",
          "dependencies": [
            "docker_image.dov-bear"
          ]
        }
      ]
    },
    {
      "mode": "managed",
      "type": "docker_image",
      "name": "dov-bear",
      "provider": "provider[\"registry.terraform.io/kreuzwerker/docker\"]",
      "instances": [
        {
          "schema_version": 0,
          "attributes": {
            "build": [],
            "force_remove": null,
            "id": "sha256:6a1960b234eaa1625d7a0baf066e0b56bfab9d71d060088b9f732dd283c67a75chukmunnlee/dov-bear:v2",
            "keep_locally": true,
            "latest": "sha256:6a1960b234eaa1625d7a0baf066e0b56bfab9d71d060088b9f732dd283c67a75",
            "name": "chukmunnlee/dov-bear:v2",
            "output": null,
            "pull_trigger": null,
            "pull_triggers": null,
            "repo_digest": "chukmunnlee/dov-bear@sha256:2ea79cd4613427ab97a952f4fb7914928ad782a7b83022e88927643764c8ec2c"
          },
          "sensitive_attributes": [],
          "private": "bnVsbA=="
        }
      ]
    },
    {
      "mode": "managed",
      "type": "local_file",
      "name": "nginx_conf",
      "provider": "provider[\"registry.terraform.io/hashicorp/local\"]",
      "instances": [
        {
          "schema_version": 0,
          "attributes": {
            "content": "user www-data;\nworker_processes auto;\npid /run/nginx.pid;\n\nevents {\n\tworker_connections 768;\n\t# multi_accept on;\n}\n\nhttp {\n\n\taccess_log /var/log/nginx/access.log;\n\terror_log /var/log/nginx/error.log;\n\n\tgzip on;\n\n\tupstream dov-bear {\n\t\tleast_conn;\n\t\tserver 139.59.98.38:49177;\n\t\tserver 139.59.98.38:49176;\n\t\tserver 139.59.98.38:49175;\n\t}\n\n\tserver {\n\t\tlisten 80;\n\t\tlocation / {\n\t\t\tproxy_pass http://dov-bear;\n\t\t}\n\t}\n}",
            "content_base64": null,
            "directory_permission": "0777",
            "file_permission": "0644",
            "filename": "nginx.conf",
            "id": "b9d0db8d18614818fa8ad9749ceb714d962f08d6",
            "sensitive_content": null,
            "source": null
          },
          "sensitive_attributes": [],
          "private": "bnVsbA==",
          "dependencies": [
            "data.external.docker-host-ipaddr",
            "docker_container.dov-bear-container",
            "docker_image.dov-bear"
          ]
        }
      ]
    },
    {
      "mode": "managed",
      "type": "local_file",
      "name": "root-at-droplet",
      "provider": "provider[\"registry.terraform.io/hashicorp/local\"]",
      "instances": [
        {
          "schema_version": 0,
          "attributes": {
            "content": "",
            "content_base64": null,
            "directory_permission": "0777",
            "file_permission": "0644",
            "filename": "root@157.245.63.240",
            "id": "da39a3ee5e6b4b0d3255bfef95601890afd80709",
            "sensitive_content": null,
            "source": null
          },
          "sensitive_attributes": [],
          "private": "bnVsbA==",
          "dependencies": [
            "data.digitalocean_ssh_key.digitalocean",
            "digitalocean_droplet.web"
          ]
        }
      ]
    }
  ]
}
